
Microsoft Visual Studio Solution File, Format Version 12.00
# Visual Studio 2013
VisualStudioVersion = 12.0.30501.0
MinimumVisualStudioVersion = 10.0.40219.1
Project("{FAE04EC0-301F-11D3-BF4B-00C04F79EFBC}") = "13.03(3)", "13.03(3)\13.03(3).csproj", "{9691C953-CD00-4452-B2E3-1E380A61C687}"
EndProject
Project("{FAE04EC0-301F-11D3-BF4B-00C04F79EFBC}") = "13.03(3).Tests", "13.03(3).Tests\13.03(3).Tests.csproj", "{FF769FC0-8DFD-4201-9431-D8236E8D6E50}"
EndProject
Global
	GlobalSection(SolutionConfigurationPlatforms) = preSolution
		Debug|Any CPU = Debug|Any CPU
		Release|Any CPU = Release|Any CPU
	EndGlobalSection
	GlobalSection(ProjectConfigurationPlatforms) = postSolution
		{9691C953-CD00-4452-B2E3-1E380A61C687}.Debug|Any CPU.ActiveCfg = Debug|Any CPU
		{9691C953-CD00-4452-B2E3-1E380A61C687}.Debug|Any CPU.Build.0 = Debug|Any CPU
		{9691C953-CD00-4452-B2E3-1E380A61C687}.Release|Any CPU.ActiveCfg = Release|Any CPU
		{9691C953-CD00-4452-B2E3-1E380A61C687}.Release|Any CPU.Build.0 = Release|Any CPU
		{FF769FC0-8DFD-4201-9431-D8236E8D6E50}.Debug|Any CPU.ActiveCfg = Debug|Any CPU
		{FF769FC0-8DFD-4201-9431-D8236E8D6E50}.Debug|Any CPU.Build.0 = Debug|Any CPU
		{FF769FC0-8DFD-4201-9431-D8236E8D6E50}.Release|Any CPU.ActiveCfg = Release|Any CPU
		{FF769FC0-8DFD-4201-9431-D8236E8D6E50}.Release|Any CPU.Build.0 = Release|Any CPU
	EndGlobalSection
	GlobalSection(SolutionProperties) = preSolution
		HideSolutionNode = FALSE
	EndGlobalSection
EndGlobal
