
Microsoft Visual Studio Solution File, Format Version 12.00
# Visual Studio 2013
VisualStudioVersion = 12.0.30501.0
MinimumVisualStudioVersion = 10.0.40219.1
Project("{FAE04EC0-301F-11D3-BF4B-00C04F79EFBC}") = "20.02(2)", "20.02(2)\20.02(2).csproj", "{0B45DB06-12E6-4151-9D39-066B6E9110CE}"
EndProject
Project("{FAE04EC0-301F-11D3-BF4B-00C04F79EFBC}") = "20.02(2).Tests", "20.02(2).Tests\20.02(2).Tests.csproj", "{9B7A95EA-F37F-4C32-B922-43047332875B}"
EndProject
Global
	GlobalSection(SolutionConfigurationPlatforms) = preSolution
		Debug|Any CPU = Debug|Any CPU
		Release|Any CPU = Release|Any CPU
	EndGlobalSection
	GlobalSection(ProjectConfigurationPlatforms) = postSolution
		{0B45DB06-12E6-4151-9D39-066B6E9110CE}.Debug|Any CPU.ActiveCfg = Debug|Any CPU
		{0B45DB06-12E6-4151-9D39-066B6E9110CE}.Debug|Any CPU.Build.0 = Debug|Any CPU
		{0B45DB06-12E6-4151-9D39-066B6E9110CE}.Release|Any CPU.ActiveCfg = Release|Any CPU
		{0B45DB06-12E6-4151-9D39-066B6E9110CE}.Release|Any CPU.Build.0 = Release|Any CPU
		{9B7A95EA-F37F-4C32-B922-43047332875B}.Debug|Any CPU.ActiveCfg = Debug|Any CPU
		{9B7A95EA-F37F-4C32-B922-43047332875B}.Debug|Any CPU.Build.0 = Debug|Any CPU
		{9B7A95EA-F37F-4C32-B922-43047332875B}.Release|Any CPU.ActiveCfg = Release|Any CPU
		{9B7A95EA-F37F-4C32-B922-43047332875B}.Release|Any CPU.Build.0 = Release|Any CPU
	EndGlobalSection
	GlobalSection(SolutionProperties) = preSolution
		HideSolutionNode = FALSE
	EndGlobalSection
EndGlobal
